
Microsoft Visual Studio Solution File, Format Version 12.00
# Visual Studio 15
Project("{FAE04EC0-301F-11D3-BF4B-00C04F79EFBC}") = "FindMe.Android", "FindMe.Android\FindMe.Android.csproj", "{CFE99D0F-A1C4-4320-8B13-B4BC065AFF67}"
EndProject
Project("{FAE04EC0-301F-11D3-BF4B-00C04F79EFBC}") = "FindMe.iOS", "FindMe.iOS\FindMe.iOS.csproj", "{DB359212-7CA8-4F2A-8ECC-8F9A1FF76E70}"
EndProject
Project("{FAE04EC0-301F-11D3-BF4B-00C04F79EFBC}") = "FindMe", "FindMe\FindMe.csproj", "{6C2C2AA9-D629-46B3-B5A4-56E1D8DE1B77}"
EndProject
Global
	GlobalSection(SolutionConfigurationPlatforms) = preSolution
		Debug|Any CPU = Debug|Any CPU
		Release|Any CPU = Release|Any CPU
		Debug|iPhoneSimulator = Debug|iPhoneSimulator
		Release|iPhoneSimulator = Release|iPhoneSimulator
		Debug|iPhone = Debug|iPhone
		Release|iPhone = Release|iPhone
	EndGlobalSection
	GlobalSection(ProjectConfigurationPlatforms) = postSolution
		{CFE99D0F-A1C4-4320-8B13-B4BC065AFF67}.Debug|Any CPU.ActiveCfg = Debug|Any CPU
		{CFE99D0F-A1C4-4320-8B13-B4BC065AFF67}.Debug|Any CPU.Build.0 = Debug|Any CPU
		{CFE99D0F-A1C4-4320-8B13-B4BC065AFF67}.Release|Any CPU.ActiveCfg = Release|Any CPU
		{CFE99D0F-A1C4-4320-8B13-B4BC065AFF67}.Release|Any CPU.Build.0 = Release|Any CPU
		{CFE99D0F-A1C4-4320-8B13-B4BC065AFF67}.Debug|iPhoneSimulator.ActiveCfg = Debug|Any CPU
		{CFE99D0F-A1C4-4320-8B13-B4BC065AFF67}.Debug|iPhoneSimulator.Build.0 = Debug|Any CPU
		{CFE99D0F-A1C4-4320-8B13-B4BC065AFF67}.Release|iPhoneSimulator.ActiveCfg = Release|Any CPU
		{CFE99D0F-A1C4-4320-8B13-B4BC065AFF67}.Release|iPhoneSimulator.Build.0 = Release|Any CPU
		{CFE99D0F-A1C4-4320-8B13-B4BC065AFF67}.Debug|iPhone.ActiveCfg = Debug|Any CPU
		{CFE99D0F-A1C4-4320-8B13-B4BC065AFF67}.Debug|iPhone.Build.0 = Debug|Any CPU
		{CFE99D0F-A1C4-4320-8B13-B4BC065AFF67}.Release|iPhone.ActiveCfg = Release|Any CPU
		{CFE99D0F-A1C4-4320-8B13-B4BC065AFF67}.Release|iPhone.Build.0 = Release|Any CPU
		{DB359212-7CA8-4F2A-8ECC-8F9A1FF76E70}.Debug|Any CPU.ActiveCfg = Debug|iPhoneSimulator
		{DB359212-7CA8-4F2A-8ECC-8F9A1FF76E70}.Debug|Any CPU.Build.0 = Debug|iPhoneSimulator
		{DB359212-7CA8-4F2A-8ECC-8F9A1FF76E70}.Release|Any CPU.ActiveCfg = Release|iPhoneSimulator
		{DB359212-7CA8-4F2A-8ECC-8F9A1FF76E70}.Release|Any CPU.Build.0 = Release|iPhoneSimulator
		{DB359212-7CA8-4F2A-8ECC-8F9A1FF76E70}.Debug|iPhoneSimulator.ActiveCfg = Debug|iPhoneSimulator
		{DB359212-7CA8-4F2A-8ECC-8F9A1FF76E70}.Debug|iPhoneSimulator.Build.0 = Debug|iPhoneSimulator
		{DB359212-7CA8-4F2A-8ECC-8F9A1FF76E70}.Release|iPhoneSimulator.ActiveCfg = Release|iPhoneSimulator
		{DB359212-7CA8-4F2A-8ECC-8F9A1FF76E70}.Release|iPhoneSimulator.Build.0 = Release|iPhoneSimulator
		{DB359212-7CA8-4F2A-8ECC-8F9A1FF76E70}.Debug|iPhone.ActiveCfg = Debug|iPhone
		{DB359212-7CA8-4F2A-8ECC-8F9A1FF76E70}.Debug|iPhone.Build.0 = Debug|iPhone
		{DB359212-7CA8-4F2A-8ECC-8F9A1FF76E70}.Release|iPhone.ActiveCfg = Release|iPhone
		{DB359212-7CA8-4F2A-8ECC-8F9A1FF76E70}.Release|iPhone.Build.0 = Release|iPhone
		{6C2C2AA9-D629-46B3-B5A4-56E1D8DE1B77}.Debug|Any CPU.ActiveCfg = Debug|Any CPU
		{6C2C2AA9-D629-46B3-B5A4-56E1D8DE1B77}.Debug|Any CPU.Build.0 = Debug|Any CPU
		{6C2C2AA9-D629-46B3-B5A4-56E1D8DE1B77}.Release|Any CPU.ActiveCfg = Release|Any CPU
		{6C2C2AA9-D629-46B3-B5A4-56E1D8DE1B77}.Release|Any CPU.Build.0 = Release|Any CPU
		{6C2C2AA9-D629-46B3-B5A4-56E1D8DE1B77}.Debug|iPhoneSimulator.ActiveCfg = Debug|Any CPU
		{6C2C2AA9-D629-46B3-B5A4-56E1D8DE1B77}.Debug|iPhoneSimulator.Build.0 = Debug|Any CPU
		{6C2C2AA9-D629-46B3-B5A4-56E1D8DE1B77}.Release|iPhoneSimulator.ActiveCfg = Release|Any CPU
		{6C2C2AA9-D629-46B3-B5A4-56E1D8DE1B77}.Release|iPhoneSimulator.Build.0 = Release|Any CPU
		{6C2C2AA9-D629-46B3-B5A4-56E1D8DE1B77}.Debug|iPhone.ActiveCfg = Debug|Any CPU
		{6C2C2AA9-D629-46B3-B5A4-56E1D8DE1B77}.Debug|iPhone.Build.0 = Debug|Any CPU
		{6C2C2AA9-D629-46B3-B5A4-56E1D8DE1B77}.Release|iPhone.ActiveCfg = Release|Any CPU
		{6C2C2AA9-D629-46B3-B5A4-56E1D8DE1B77}.Release|iPhone.Build.0 = Release|Any CPU
	EndGlobalSection
EndGlobal
